
Microsoft Visual Studio Solution File, Format Version 12.00
# Visual Studio 14
VisualStudioVersion = 14.0.25420.1
MinimumVisualStudioVersion = 10.0.40219.1
Project("{2150E333-8FDC-42A3-9474-1A3956D46DE8}") = "src", "src", "{6DAA4162-0326-465E-A63F-15AD3BB1A9EA}"
EndProject
Project("{2150E333-8FDC-42A3-9474-1A3956D46DE8}") = "Solution Items", "Solution Items", "{CFF5EB14-DC9B-4B13-BB69-B9117F5AE6EC}"
	ProjectSection(SolutionItems) = preProject
		global.json = global.json
	EndProjectSection
EndProject
Project("{8BB2217D-0F2D-49D1-97BC-3654ED321F3B}") = "RadioButtonRazor", "src\RadioButtonRazor\RadioButtonRazor.xproj", "{B66F5913-337F-4C24-8AF2-75C8CEEA3B9C}"
EndProject
Global
	GlobalSection(SolutionConfigurationPlatforms) = preSolution
		Debug|Any CPU = Debug|Any CPU
		Release|Any CPU = Release|Any CPU
	EndGlobalSection
	GlobalSection(ProjectConfigurationPlatforms) = postSolution
		{B66F5913-337F-4C24-8AF2-75C8CEEA3B9C}.Debug|Any CPU.ActiveCfg = Debug|Any CPU
		{B66F5913-337F-4C24-8AF2-75C8CEEA3B9C}.Debug|Any CPU.Build.0 = Debug|Any CPU
		{B66F5913-337F-4C24-8AF2-75C8CEEA3B9C}.Release|Any CPU.ActiveCfg = Release|Any CPU
		{B66F5913-337F-4C24-8AF2-75C8CEEA3B9C}.Release|Any CPU.Build.0 = Release|Any CPU
	EndGlobalSection
	GlobalSection(SolutionProperties) = preSolution
		HideSolutionNode = FALSE
	EndGlobalSection
	GlobalSection(NestedProjects) = preSolution
		{B66F5913-337F-4C24-8AF2-75C8CEEA3B9C} = {6DAA4162-0326-465E-A63F-15AD3BB1A9EA}
	EndGlobalSection
EndGlobal
